
Microsoft Visual Studio Solution File, Format Version 12.00
# Visual Studio Version 17
VisualStudioVersion = 17.5.002.0
MinimumVisualStudioVersion = 10.0.40219.1
Project("{9A19103F-16F7-4668-BE54-9A1E7A4F7556}") = "DesafioCodigoHino", "DesafioCodigoHino.csproj", "{BCA66036-B76C-4EAE-B6CD-5B8BB1297DE5}"
EndProject
Global
	GlobalSection(SolutionConfigurationPlatforms) = preSolution
		Debug|Any CPU = Debug|Any CPU
		Release|Any CPU = Release|Any CPU
	EndGlobalSection
	GlobalSection(ProjectConfigurationPlatforms) = postSolution
		{BCA66036-B76C-4EAE-B6CD-5B8BB1297DE5}.Debug|Any CPU.ActiveCfg = Debug|Any CPU
		{BCA66036-B76C-4EAE-B6CD-5B8BB1297DE5}.Debug|Any CPU.Build.0 = Debug|Any CPU
		{BCA66036-B76C-4EAE-B6CD-5B8BB1297DE5}.Release|Any CPU.ActiveCfg = Release|Any CPU
		{BCA66036-B76C-4EAE-B6CD-5B8BB1297DE5}.Release|Any CPU.Build.0 = Release|Any CPU
	EndGlobalSection
	GlobalSection(SolutionProperties) = preSolution
		HideSolutionNode = FALSE
	EndGlobalSection
	GlobalSection(ExtensibilityGlobals) = postSolution
		SolutionGuid = {77280AFD-4788-4829-86A0-C7BB1494F998}
	EndGlobalSection
EndGlobal
